{
  "pins" : [
    {
      "identity" : "sdwebimage",
      "kind" : "remoteSourceControl",
      "location" : "https://github.com/SDWebImage/SDWebImage",
      "state" : {
        "revision" : "554e05a4415fe20add53531c21e593c403685c3d",
        "version" : "5.15.3"
      }
    }
  ],
  "version" : 2
}
